
Microsoft Visual Studio Solution File, Format Version 12.00
# Visual Studio 15
VisualStudioVersion = 15.0.28010.2041
MinimumVisualStudioVersion = 10.0.40219.1
Project("{8BC9CEB8-8B4A-11D0-8D11-00A0C91BC942}") = "AA1_02", "Project1\Project1.vcxproj", "{76813BAA-272F-464A-BAE9-8B8711305D7D}"
EndProject
Project("{8BC9CEB8-8B4A-11D0-8D11-00A0C91BC942}") = "AA1_06", "AA1_06\AA1_06.vcxproj", "{E0D270BF-BBB7-4581-A98C-D7E0D0AE4556}"
EndProject
Project("{8BC9CEB8-8B4A-11D0-8D11-00A0C91BC942}") = "AA1_07", "AA1_07\AA1_07.vcxproj", "{627E674B-EF74-48CC-B7B7-7A2A630C6E8D}"
EndProject
Project("{8BC9CEB8-8B4A-11D0-8D11-00A0C91BC942}") = "AA1__08", "AA1__08\AA1__08.vcxproj", "{3290F915-5F76-477D-8B1E-9EB8817240F4}"
EndProject
Global
	GlobalSection(SolutionConfigurationPlatforms) = preSolution
		Debug|x64 = Debug|x64
		Debug|x86 = Debug|x86
		Release|x64 = Release|x64
		Release|x86 = Release|x86
	EndGlobalSection
	GlobalSection(ProjectConfigurationPlatforms) = postSolution
		{76813BAA-272F-464A-BAE9-8B8711305D7D}.Debug|x64.ActiveCfg = Debug|x64
		{76813BAA-272F-464A-BAE9-8B8711305D7D}.Debug|x64.Build.0 = Debug|x64
		{76813BAA-272F-464A-BAE9-8B8711305D7D}.Debug|x86.ActiveCfg = Debug|Win32
		{76813BAA-272F-464A-BAE9-8B8711305D7D}.Debug|x86.Build.0 = Debug|Win32
		{76813BAA-272F-464A-BAE9-8B8711305D7D}.Release|x64.ActiveCfg = Release|x64
		{76813BAA-272F-464A-BAE9-8B8711305D7D}.Release|x64.Build.0 = Release|x64
		{76813BAA-272F-464A-BAE9-8B8711305D7D}.Release|x86.ActiveCfg = Release|Win32
		{76813BAA-272F-464A-BAE9-8B8711305D7D}.Release|x86.Build.0 = Release|Win32
		{E0D270BF-BBB7-4581-A98C-D7E0D0AE4556}.Debug|x64.ActiveCfg = Debug|x64
		{E0D270BF-BBB7-4581-A98C-D7E0D0AE4556}.Debug|x64.Build.0 = Debug|x64
		{E0D270BF-BBB7-4581-A98C-D7E0D0AE4556}.Debug|x86.ActiveCfg = Debug|Win32
		{E0D270BF-BBB7-4581-A98C-D7E0D0AE4556}.Debug|x86.Build.0 = Debug|Win32
		{E0D270BF-BBB7-4581-A98C-D7E0D0AE4556}.Release|x64.ActiveCfg = Release|x64
		{E0D270BF-BBB7-4581-A98C-D7E0D0AE4556}.Release|x64.Build.0 = Release|x64
		{E0D270BF-BBB7-4581-A98C-D7E0D0AE4556}.Release|x86.ActiveCfg = Release|Win32
		{E0D270BF-BBB7-4581-A98C-D7E0D0AE4556}.Release|x86.Build.0 = Release|Win32
		{627E674B-EF74-48CC-B7B7-7A2A630C6E8D}.Debug|x64.ActiveCfg = Debug|x64
		{627E674B-EF74-48CC-B7B7-7A2A630C6E8D}.Debug|x64.Build.0 = Debug|x64
		{627E674B-EF74-48CC-B7B7-7A2A630C6E8D}.Debug|x86.ActiveCfg = Debug|Win32
		{627E674B-EF74-48CC-B7B7-7A2A630C6E8D}.Debug|x86.Build.0 = Debug|Win32
		{627E674B-EF74-48CC-B7B7-7A2A630C6E8D}.Release|x64.ActiveCfg = Release|x64
		{627E674B-EF74-48CC-B7B7-7A2A630C6E8D}.Release|x64.Build.0 = Release|x64
		{627E674B-EF74-48CC-B7B7-7A2A630C6E8D}.Release|x86.ActiveCfg = Release|Win32
		{627E674B-EF74-48CC-B7B7-7A2A630C6E8D}.Release|x86.Build.0 = Release|Win32
		{3290F915-5F76-477D-8B1E-9EB8817240F4}.Debug|x64.ActiveCfg = Debug|x64
		{3290F915-5F76-477D-8B1E-9EB8817240F4}.Debug|x64.Build.0 = Debug|x64
		{3290F915-5F76-477D-8B1E-9EB8817240F4}.Debug|x86.ActiveCfg = Debug|Win32
		{3290F915-5F76-477D-8B1E-9EB8817240F4}.Debug|x86.Build.0 = Debug|Win32
		{3290F915-5F76-477D-8B1E-9EB8817240F4}.Release|x64.ActiveCfg = Release|x64
		{3290F915-5F76-477D-8B1E-9EB8817240F4}.Release|x64.Build.0 = Release|x64
		{3290F915-5F76-477D-8B1E-9EB8817240F4}.Release|x86.ActiveCfg = Release|Win32
		{3290F915-5F76-477D-8B1E-9EB8817240F4}.Release|x86.Build.0 = Release|Win32
	EndGlobalSection
	GlobalSection(SolutionProperties) = preSolution
		HideSolutionNode = FALSE
	EndGlobalSection
	GlobalSection(ExtensibilityGlobals) = postSolution
		SolutionGuid = {706C589E-14CD-4540-916B-0902CA40F703}
	EndGlobalSection
EndGlobal
